
Microsoft Visual Studio Solution File, Format Version 12.00
Project("{FAE04EC0-301F-11D3-BF4B-00C04F79EFBC}") = "ShemaBug", "ShemaBug.csproj", "{ECC95AB9-4492-437C-8648-7CCF25C82239}"
EndProject
Global
	GlobalSection(SolutionConfigurationPlatforms) = preSolution
		Debug|Any CPU = Debug|Any CPU
		Release|Any CPU = Release|Any CPU
	EndGlobalSection
	GlobalSection(ProjectConfigurationPlatforms) = postSolution
		{ECC95AB9-4492-437C-8648-7CCF25C82239}.Debug|Any CPU.ActiveCfg = Debug|Any CPU
		{ECC95AB9-4492-437C-8648-7CCF25C82239}.Debug|Any CPU.Build.0 = Debug|Any CPU
		{ECC95AB9-4492-437C-8648-7CCF25C82239}.Release|Any CPU.ActiveCfg = Release|Any CPU
		{ECC95AB9-4492-437C-8648-7CCF25C82239}.Release|Any CPU.Build.0 = Release|Any CPU
	EndGlobalSection
EndGlobal
